<?xml version="1.0" encoding="utf-8"?>
<Project ToolsVersion="4.0" xmlns="http://schemas.microsoft.com/developer/msbuild/2003">
  <ItemGroup>
    <Filter Include="Func">
      <UniqueIdentifier>{d14196cc-1b8e-4338-9f85-f0a6ac28eaaf}</UniqueIdentifier>
    </Filter>
    <Filter Include="main">
      <UniqueIdentifier>{82561da4-7546-4876-9d61-4b43d78e45db}</UniqueIdentifier>
    </Filter>
  </ItemGroup>
  <ItemGroup>
    <ClInclude Include="Func.h">
      <Filter>Func</Filter>
    </ClInclude>
  </ItemGroup>
  <ItemGroup>
    <ClCompile Include="Func.cpp">
      <Filter>Func</Filter>
    </ClCompile>
    <ClCompile Include="main.cpp">
      <Filter>main</Filter>
    </ClCompile>
  </ItemGroup>
</Project>